github.com/bitly/go-simplejson v0.5.0 h1:6IH+V8/tVMab511d5bn4M7EwGXZf9Hj6i2xSwkNEM+Y=
github.com/bitly/go-simplejson v0.5.0/go.mod h1:cXHtHw4XUPsvGaxgjIAn8PhEWG9NfngEKAMDJEczWVA=
github.com/bmizerany/assert v0.0.0-20160611221934-b7ed37b82869/go.mod h1:Ekp36dRnpXw/yCqJaO+ZrUyxD+3VXMFFr56k5XYrpB4=
github.com/creack/pty v1.1.9/go.mod h1:oKZEueFk5CKHvIhNR5MUki03XCEU+Q6VDXinZuGJ33E=
github.com/jessevdk/go-flags v1.4.0/go.mod h1:4FA24M0QyGHXBuZZK/XkWh8h0e1EYbRYJSGM75WSRxI=
github.com/kr/pretty v0.1.0/go.mod h1:dAy3ld7l9f0ibDNOQOHHMYYIIbhfbHSm3C4ZsoJORNo=
github.com/kr/pretty v0.2.1/go.mod h1:ipq/a2n7PKx3OHsz4KJII5eveXtPO4qwEXGdVfWzfnI=
github.com/kr/pty v1.1.1/go.mod h1:pFQYn66WHrOpPYNljwOMqo10TkYh1fy3cYio2l3bCsQ=
github.com/kr/text v0.1.0/go.mod h1:4Jbv+DJW3UT/LiOwJeYQe1efqtUx/iVham/4vfdArNI=
github.com/kr/text v0.2.0/go.mod h1:eLer722TekiGuMkidMxC/pM04lWEeraHUUmBw8l2grE=
github.com/yinyajiang/go-w32 v0.0.0-20210114063043-6dd37ad3ca61 h1:3+70A2HZOmtSoY62UkumvZq2R0/HsYkFbpkE77Ikaw0=
github.com/yinyajiang/go-w32 v0.0.0-20210114063043-6dd37ad3ca61/go.mod h1:4GIwuyX8RkI7Y93sm7H8SbPeBsTMh1wJddakPyDOyQ0=
github.com/yinyajiang/go-w32 v0.0.0-20210114072827-3364dff877b8 h1:9haUHs6obvBG8m3WNbEsk5WAXJ8ZsidZMzIxYPZ4eZ8=
github.com/yinyajiang/go-w32 v0.0.0-20210114072827-3364dff877b8/go.mod h1:9ykpfFnyPwdsAPFE5wOHvuocDDSGcTxjyZUZLShAoD8=
github.com/yinyajiang/go-w32 v0.0.0-20210118053727-3dc8b1641e87 h1:p8sVafCwC2iWNXqtp6mNFIUvAJcl8yM9+0rrINZ+xvw=
github.com/yinyajiang/go-w32 v0.0.0-20210118053727-3dc8b1641e87/go.mod h1:ckRiItESuJm4u2158HyuCR8pk3Bo5XutrKBRYqe+oGo=
github.com/yinyajiang/go-w32 v0.0.0-20210125060123-0cf17542a630 h1:nS09/2dW3CIGl2drfkPBLjDsvIcQ14/3NBDoCpsx31M=
github.com/yinyajiang/go-w32 v0.0.0-20210125060123-0cf17542a630/go.mod h1:2/GvV9LT6cSTA1wVFlwxqPMlQMUtZKdJYbkpujT9hNc=
github.com/yinyajiang/go-w32 v0.0.0-20210126054248-4464d9c6824c h1:PaOigtON0890Xk56SCJkZ5DIKecS7p7A6dB5FS8udjk=
github.com/yinyajiang/go-w32 v0.0.0-20210126054248-4464d9c6824c/go.mod h1:2/GvV9LT6cSTA1wVFlwxqPMlQMUtZKdJYbkpujT9hNc=
github.com/yinyajiang/go-w32 v0.0.0-20210126054714-76b15cab1cef h1:Wgmfcw2Mxhx8mkVH5ZccYcAjnoWFkXH1OId+pN8MoZk=
github.com/yinyajiang/go-w32 v0.0.0-20210126054714-76b15cab1cef/go.mod h1:2/GvV9LT6cSTA1wVFlwxqPMlQMUtZKdJYbkpujT9hNc=
github.com/yinyajiang/go-ytools v0.1.2 h1:9EikhbNdQVD6xgjPukaj+7zv6lpLz/1/YkgNRtm5SrQ=
github.com/yinyajiang/go-ytools v0.1.2/go.mod h1:uP9Poe3VDX5KZKyZmgJ1JPKjviit8otKHicfzsEI9kQ=
github.com/yinyajiang/go-ytools v0.1.3-0.20210115003251-8c8a708f7515/go.mod h1:uP9Poe3VDX5KZKyZmgJ1JPKjviit8otKHicfzsEI9kQ=
github.com/yinyajiang/go-ytools v0.1.3-0.20210122044000-cf0040b39f2c h1:AOBrKvZAlSnvKKViHfNFkkSPBnGLcxVqWanYNFXz8ZE=
github.com/yinyajiang/go-ytools v0.1.3-0.20210122044000-cf0040b39f2c/go.mod h1:XKVa5OAangdDnG8Yq+/E4wHl65T15bcyVR/TGOjZR8s=
github.com/yinyajiang/go-ytools v0.1.3-0.20210122084513-8a985f676b8f h1:CuWhzuUZuOgPFI31mEkPT9+huPlFAuJPA57UClzZn70=
github.com/yinyajiang/go-ytools v0.1.3-0.20210122084513-8a985f676b8f/go.mod h1:XKVa5OAangdDnG8Yq+/E4wHl65T15bcyVR/TGOjZR8s=
gopkg.in/check.v1 v0.0.0-20161208181325-20d25e280405/go.mod h1:Co6ibVJAznAaIkqp8huTwlJQCZ016jof/cbN4VW5Yz0=
gopkg.in/check.v1 v1.0.0-20180628173108-788fd7840127/go.mod h1:Co6ibVJAznAaIkqp8huTwlJQCZ016jof/cbN4VW5Yz0=
gopkg.in/yaml.v2 v2.2.1/go.mod h1:hI93XBmqTisBFMUTm0b8Fm+jr3Dg1NNxqwp+5A1VGuI=
howett.net/plist v0.0.0-20201203080718-1454fab16a06 h1:QDxUo/w2COstK1wIBYpzQlHX/NqaQTcf9jyz347nI58=
howett.net/plist v0.0.0-20201203080718-1454fab16a06/go.mod h1:vMygbs4qMhSZSc4lCUl2OEE+rDiIIJAIdR4m7MiMcm0=
